
Microsoft Visual Studio Solution File, Format Version 12.00
# Visual Studio Version 16
VisualStudioVersion = 16.0.30804.86
MinimumVisualStudioVersion = 10.0.40219.1
Project("{FAE04EC0-301F-11D3-BF4B-00C04F79EFBC}") = "QueueBot", "QueueBot\QueueBot.csproj", "{3E2BB65A-8774-40ED-96BF-14097B5E72CC}"
EndProject
Global
	GlobalSection(SolutionConfigurationPlatforms) = preSolution
		Debug|Any CPU = Debug|Any CPU
		Release|Any CPU = Release|Any CPU
	EndGlobalSection
	GlobalSection(ProjectConfigurationPlatforms) = postSolution
		{3E2BB65A-8774-40ED-96BF-14097B5E72CC}.Debug|Any CPU.ActiveCfg = Debug|Any CPU
		{3E2BB65A-8774-40ED-96BF-14097B5E72CC}.Debug|Any CPU.Build.0 = Debug|Any CPU
		{3E2BB65A-8774-40ED-96BF-14097B5E72CC}.Release|Any CPU.ActiveCfg = Release|Any CPU
		{3E2BB65A-8774-40ED-96BF-14097B5E72CC}.Release|Any CPU.Build.0 = Release|Any CPU
	EndGlobalSection
	GlobalSection(SolutionProperties) = preSolution
		HideSolutionNode = FALSE
	EndGlobalSection
	GlobalSection(ExtensibilityGlobals) = postSolution
		SolutionGuid = {CE56CE30-FB7C-4E2E-91CB-F89C3E66F4A9}
	EndGlobalSection
EndGlobal
